
Microsoft Visual Studio Solution File, Format Version 12.00
# Visual Studio Version 17
VisualStudioVersion = 17.7.34031.279
MinimumVisualStudioVersion = 10.0.40219.1
Project("{FAE04EC0-301F-11D3-BF4B-00C04F79EFBC}") = "Decoding  the I.D number", "Decoding  the I.D number.csproj", "{36F3F486-BC1B-486C-B705-E95165A69CCC}"
EndProject
Global
	GlobalSection(SolutionConfigurationPlatforms) = preSolution
		Debug|Any CPU = Debug|Any CPU
		Release|Any CPU = Release|Any CPU
	EndGlobalSection
	GlobalSection(ProjectConfigurationPlatforms) = postSolution
		{36F3F486-BC1B-486C-B705-E95165A69CCC}.Debug|Any CPU.ActiveCfg = Debug|Any CPU
		{36F3F486-BC1B-486C-B705-E95165A69CCC}.Debug|Any CPU.Build.0 = Debug|Any CPU
		{36F3F486-BC1B-486C-B705-E95165A69CCC}.Release|Any CPU.ActiveCfg = Release|Any CPU
		{36F3F486-BC1B-486C-B705-E95165A69CCC}.Release|Any CPU.Build.0 = Release|Any CPU
	EndGlobalSection
	GlobalSection(SolutionProperties) = preSolution
		HideSolutionNode = FALSE
	EndGlobalSection
	GlobalSection(ExtensibilityGlobals) = postSolution
		SolutionGuid = {98DE51A5-D8C4-4E95-A754-2ED04FA2CA72}
	EndGlobalSection
EndGlobal
